
Microsoft Visual Studio Solution File, Format Version 12.00
# Visual Studio Version 17
VisualStudioVersion = 17.9.34616.47
MinimumVisualStudioVersion = 10.0.40219.1
Project("{FAE04EC0-301F-11D3-BF4B-00C04F79EFBC}") = "WCFClient", "WCFClient\WCFClient.csproj", "{6E204E35-7A69-477F-ACF5-CB8EDF4C4DFD}"
EndProject
Global
	GlobalSection(SolutionConfigurationPlatforms) = preSolution
		Debug|Any CPU = Debug|Any CPU
		Release|Any CPU = Release|Any CPU
	EndGlobalSection
	GlobalSection(ProjectConfigurationPlatforms) = postSolution
		{6E204E35-7A69-477F-ACF5-CB8EDF4C4DFD}.Debug|Any CPU.ActiveCfg = Debug|Any CPU
		{6E204E35-7A69-477F-ACF5-CB8EDF4C4DFD}.Debug|Any CPU.Build.0 = Debug|Any CPU
		{6E204E35-7A69-477F-ACF5-CB8EDF4C4DFD}.Release|Any CPU.ActiveCfg = Release|Any CPU
		{6E204E35-7A69-477F-ACF5-CB8EDF4C4DFD}.Release|Any CPU.Build.0 = Release|Any CPU
	EndGlobalSection
	GlobalSection(SolutionProperties) = preSolution
		HideSolutionNode = FALSE
	EndGlobalSection
	GlobalSection(ExtensibilityGlobals) = postSolution
		SolutionGuid = {7B9A8A7C-C51E-4DDC-90B3-42BBFC152EAB}
	EndGlobalSection
EndGlobal
